
Microsoft Visual Studio Solution File, Format Version 12.00
# Visual Studio Version 16
VisualStudioVersion = 16.0.808.3
MinimumVisualStudioVersion = 10.0.40219.1
Project("{FAE04EC0-301F-11D3-BF4B-00C04F79EFBC}") = "Wilder.FLP", "Wilder.FLP\Wilder.FLP.csproj", "{CE83037E-41AA-4C72-BE2E-1DF90583AD17}"
EndProject
Project("{FAE04EC0-301F-11D3-BF4B-00C04F79EFBC}") = "Wilder", "Wilder\Wilder.csproj", "{FB7B5441-3937-4655-972F-E31A5D4D917E}"
EndProject
Project("{FAE04EC0-301F-11D3-BF4B-00C04F79EFBC}") = "Wilder.Common", "Wilder.Common\Wilder.Common.csproj", "{7510940C-65BA-495B-B29D-708BD3ED627F}"
EndProject
Project("{FAE04EC0-301F-11D3-BF4B-00C04F79EFBC}") = "Wilder.Player", "Wilder.Player\Wilder.Player.csproj", "{6BE1FE8A-72AE-45CA-9FC3-2CB4115867C6}"
EndProject
Project("{FAE04EC0-301F-11D3-BF4B-00C04F79EFBC}") = "Wilder.AlbumMaker", "Wilder.AlbumMaker\Wilder.AlbumMaker.csproj", "{D61201BE-C12D-442B-A434-C98609169EBC}"
EndProject
Global
	GlobalSection(SolutionConfigurationPlatforms) = preSolution
		Debug|Any CPU = Debug|Any CPU
		Release|Any CPU = Release|Any CPU
	EndGlobalSection
	GlobalSection(ProjectConfigurationPlatforms) = postSolution
		{CE83037E-41AA-4C72-BE2E-1DF90583AD17}.Debug|Any CPU.ActiveCfg = Debug|Any CPU
		{CE83037E-41AA-4C72-BE2E-1DF90583AD17}.Debug|Any CPU.Build.0 = Debug|Any CPU
		{CE83037E-41AA-4C72-BE2E-1DF90583AD17}.Release|Any CPU.ActiveCfg = Release|Any CPU
		{CE83037E-41AA-4C72-BE2E-1DF90583AD17}.Release|Any CPU.Build.0 = Release|Any CPU
		{FB7B5441-3937-4655-972F-E31A5D4D917E}.Debug|Any CPU.ActiveCfg = Debug|Any CPU
		{FB7B5441-3937-4655-972F-E31A5D4D917E}.Debug|Any CPU.Build.0 = Debug|Any CPU
		{FB7B5441-3937-4655-972F-E31A5D4D917E}.Release|Any CPU.ActiveCfg = Release|Any CPU
		{FB7B5441-3937-4655-972F-E31A5D4D917E}.Release|Any CPU.Build.0 = Release|Any CPU
		{7510940C-65BA-495B-B29D-708BD3ED627F}.Debug|Any CPU.ActiveCfg = Debug|Any CPU
		{7510940C-65BA-495B-B29D-708BD3ED627F}.Debug|Any CPU.Build.0 = Debug|Any CPU
		{7510940C-65BA-495B-B29D-708BD3ED627F}.Release|Any CPU.ActiveCfg = Release|Any CPU
		{7510940C-65BA-495B-B29D-708BD3ED627F}.Release|Any CPU.Build.0 = Release|Any CPU
		{6BE1FE8A-72AE-45CA-9FC3-2CB4115867C6}.Debug|Any CPU.ActiveCfg = Debug|Any CPU
		{6BE1FE8A-72AE-45CA-9FC3-2CB4115867C6}.Debug|Any CPU.Build.0 = Debug|Any CPU
		{6BE1FE8A-72AE-45CA-9FC3-2CB4115867C6}.Release|Any CPU.ActiveCfg = Release|Any CPU
		{6BE1FE8A-72AE-45CA-9FC3-2CB4115867C6}.Release|Any CPU.Build.0 = Release|Any CPU
		{D61201BE-C12D-442B-A434-C98609169EBC}.Debug|Any CPU.ActiveCfg = Debug|Any CPU
		{D61201BE-C12D-442B-A434-C98609169EBC}.Debug|Any CPU.Build.0 = Debug|Any CPU
		{D61201BE-C12D-442B-A434-C98609169EBC}.Release|Any CPU.ActiveCfg = Release|Any CPU
		{D61201BE-C12D-442B-A434-C98609169EBC}.Release|Any CPU.Build.0 = Release|Any CPU
	EndGlobalSection
	GlobalSection(SolutionProperties) = preSolution
		HideSolutionNode = FALSE
	EndGlobalSection
	GlobalSection(ExtensibilityGlobals) = postSolution
		SolutionGuid = {AB7C39B3-13D8-43CF-96C2-9200EC858B85}
	EndGlobalSection
EndGlobal
