
Microsoft Visual Studio Solution File, Format Version 12.00
# Visual Studio Version 16
VisualStudioVersion = 16.0.808.3
MinimumVisualStudioVersion = 10.0.40219.1
Project("{FAE04EC0-301F-11D3-BF4B-00C04F79EFBC}") = "Wilder.FLP", "Wilder.FLP\Wilder.FLP.csproj", "{CE83037E-41AA-4C72-BE2E-1DF90583AD17}"
EndProject
Project("{FAE04EC0-301F-11D3-BF4B-00C04F79EFBC}") = "Wilder.Common", "Wilder.Common\Wilder.Common.csproj", "{7510940C-65BA-495B-B29D-708BD3ED627F}"
EndProject
Global
	GlobalSection(SolutionConfigurationPlatforms) = preSolution
		Debug|Any CPU = Debug|Any CPU
		Release|Any CPU = Release|Any CPU
	EndGlobalSection
	GlobalSection(ProjectConfigurationPlatforms) = postSolution
		{CE83037E-41AA-4C72-BE2E-1DF90583AD17}.Debug|Any CPU.ActiveCfg = Debug|Any CPU
		{CE83037E-41AA-4C72-BE2E-1DF90583AD17}.Debug|Any CPU.Build.0 = Debug|Any CPU
		{CE83037E-41AA-4C72-BE2E-1DF90583AD17}.Release|Any CPU.ActiveCfg = Release|Any CPU
		{CE83037E-41AA-4C72-BE2E-1DF90583AD17}.Release|Any CPU.Build.0 = Release|Any CPU
		{7510940C-65BA-495B-B29D-708BD3ED627F}.Debug|Any CPU.ActiveCfg = Debug|Any CPU
		{7510940C-65BA-495B-B29D-708BD3ED627F}.Debug|Any CPU.Build.0 = Debug|Any CPU
		{7510940C-65BA-495B-B29D-708BD3ED627F}.Release|Any CPU.ActiveCfg = Release|Any CPU
		{7510940C-65BA-495B-B29D-708BD3ED627F}.Release|Any CPU.Build.0 = Release|Any CPU
	EndGlobalSection
	GlobalSection(SolutionProperties) = preSolution
		HideSolutionNode = FALSE
	EndGlobalSection
	GlobalSection(ExtensibilityGlobals) = postSolution
		SolutionGuid = {AB7C39B3-13D8-43CF-96C2-9200EC858B85}
	EndGlobalSection
EndGlobal
